
Microsoft Visual Studio Solution File, Format Version 12.00
# Visual Studio Version 17
VisualStudioVersion = 17.0.31919.166
MinimumVisualStudioVersion = 10.0.40219.1
Project("{FAE04EC0-301F-11D3-BF4B-00C04F79EFBC}") = "HotelProject", "WindowsFormsApp12\HotelProject.csproj", "{554E0B93-CC01-4C3C-B81F-B08D5A459B72}"
EndProject
Global
	GlobalSection(SolutionConfigurationPlatforms) = preSolution
		Debug|Any CPU = Debug|Any CPU
		Release|Any CPU = Release|Any CPU
	EndGlobalSection
	GlobalSection(ProjectConfigurationPlatforms) = postSolution
		{554E0B93-CC01-4C3C-B81F-B08D5A459B72}.Debug|Any CPU.ActiveCfg = Debug|Any CPU
		{554E0B93-CC01-4C3C-B81F-B08D5A459B72}.Debug|Any CPU.Build.0 = Debug|Any CPU
		{554E0B93-CC01-4C3C-B81F-B08D5A459B72}.Release|Any CPU.ActiveCfg = Release|Any CPU
		{554E0B93-CC01-4C3C-B81F-B08D5A459B72}.Release|Any CPU.Build.0 = Release|Any CPU
	EndGlobalSection
	GlobalSection(SolutionProperties) = preSolution
		HideSolutionNode = FALSE
	EndGlobalSection
	GlobalSection(ExtensibilityGlobals) = postSolution
		SolutionGuid = {361AB7FD-B6DF-45F8-B4A4-341AFB6FDB88}
	EndGlobalSection
EndGlobal
